
Microsoft Visual Studio Solution File, Format Version 12.00
Project("{2150E333-8FDC-42A3-9474-1A3956D46DE8}") = "src", "src", "{9582C491-1B61-47B9-848C-094720318889}"
EndProject
Project("{FAE04EC0-301F-11D3-BF4B-00C04F79EFBC}") = "Core", "Core\Core.csproj", "{BB763C9A-B539-4B2C-8AD7-FB4A1C2CF9F1}"
EndProject
Project("{2150E333-8FDC-42A3-9474-1A3956D46DE8}") = "Solution Items", "Solution Items", "{64DFE376-4D1D-4EDB-9010-0D086C22768D}"
	ProjectSection(SolutionItems) = preProject
		.gitignore = .gitignore
	EndProjectSection
EndProject
Project("{FAE04EC0-301F-11D3-BF4B-00C04F79EFBC}") = "Infrastructure", "Infrastructure\Infrastructure.csproj", "{2BCCEDF9-01B0-4490-8A60-0FCB21DDD723}"
EndProject
Project("{FAE04EC0-301F-11D3-BF4B-00C04F79EFBC}") = "AuthAPI", "AuthAPI\AuthAPI.csproj", "{F18EAB2E-B9EA-4E72-9DCC-717099138995}"
EndProject
Project("{FAE04EC0-301F-11D3-BF4B-00C04F79EFBC}") = "CommentsAPI", "CommentsAPI\CommentsAPI.csproj", "{60826FD4-0289-4C86-B8E6-11DC9CCFFB02}"
EndProject
Project("{FAE04EC0-301F-11D3-BF4B-00C04F79EFBC}") = "ReviewsAPI", "ReviewsAPI\ReviewsAPI.csproj", "{DE2034E9-5208-46CF-80D6-B61A9388B371}"
EndProject
Project("{2150E333-8FDC-42A3-9474-1A3956D46DE8}") = "tests", "tests", "{A6B0C22F-1FAA-4F6F-86D3-366616DB728B}"
EndProject
Project("{FAE04EC0-301F-11D3-BF4B-00C04F79EFBC}") = "Tests", "Tests\Tests.csproj", "{2FADFE17-9319-459D-AFE3-21C287B3B6FA}"
EndProject
Project("{FAE04EC0-301F-11D3-BF4B-00C04F79EFBC}") = "Services", "Services\Services.csproj", "{E3BF1832-4564-48D9-8E62-0E7F7F049F89}"
EndProject
Project("{FAE04EC0-301F-11D3-BF4B-00C04F79EFBC}") = "ReviewsIntegrationTests", "ReviewsIntegrationTests\ReviewsIntegrationTests.csproj", "{C833862E-D3EB-45E8-85EA-E57693E047C1}"
EndProject
Project("{FAE04EC0-301F-11D3-BF4B-00C04F79EFBC}") = "docker-compose", "docker-compose.dcproj", "{DA802095-B1BD-4EBD-A349-7C06461EDE04}"
EndProject
Global
	GlobalSection(SolutionConfigurationPlatforms) = preSolution
		Debug|Any CPU = Debug|Any CPU
		Release|Any CPU = Release|Any CPU
	EndGlobalSection
	GlobalSection(NestedProjects) = preSolution
		{BB763C9A-B539-4B2C-8AD7-FB4A1C2CF9F1} = {9582C491-1B61-47B9-848C-094720318889}
		{2BCCEDF9-01B0-4490-8A60-0FCB21DDD723} = {9582C491-1B61-47B9-848C-094720318889}
		{F18EAB2E-B9EA-4E72-9DCC-717099138995} = {9582C491-1B61-47B9-848C-094720318889}
		{60826FD4-0289-4C86-B8E6-11DC9CCFFB02} = {9582C491-1B61-47B9-848C-094720318889}
		{DE2034E9-5208-46CF-80D6-B61A9388B371} = {9582C491-1B61-47B9-848C-094720318889}
		{2FADFE17-9319-459D-AFE3-21C287B3B6FA} = {A6B0C22F-1FAA-4F6F-86D3-366616DB728B}
		{E3BF1832-4564-48D9-8E62-0E7F7F049F89} = {9582C491-1B61-47B9-848C-094720318889}
		{C833862E-D3EB-45E8-85EA-E57693E047C1} = {A6B0C22F-1FAA-4F6F-86D3-366616DB728B}
	EndGlobalSection
	GlobalSection(ProjectConfigurationPlatforms) = postSolution
		{BB763C9A-B539-4B2C-8AD7-FB4A1C2CF9F1}.Debug|Any CPU.ActiveCfg = Debug|Any CPU
		{BB763C9A-B539-4B2C-8AD7-FB4A1C2CF9F1}.Debug|Any CPU.Build.0 = Debug|Any CPU
		{BB763C9A-B539-4B2C-8AD7-FB4A1C2CF9F1}.Release|Any CPU.ActiveCfg = Release|Any CPU
		{BB763C9A-B539-4B2C-8AD7-FB4A1C2CF9F1}.Release|Any CPU.Build.0 = Release|Any CPU
		{2BCCEDF9-01B0-4490-8A60-0FCB21DDD723}.Debug|Any CPU.ActiveCfg = Debug|Any CPU
		{2BCCEDF9-01B0-4490-8A60-0FCB21DDD723}.Debug|Any CPU.Build.0 = Debug|Any CPU
		{2BCCEDF9-01B0-4490-8A60-0FCB21DDD723}.Release|Any CPU.ActiveCfg = Release|Any CPU
		{2BCCEDF9-01B0-4490-8A60-0FCB21DDD723}.Release|Any CPU.Build.0 = Release|Any CPU
		{F18EAB2E-B9EA-4E72-9DCC-717099138995}.Debug|Any CPU.ActiveCfg = Debug|Any CPU
		{F18EAB2E-B9EA-4E72-9DCC-717099138995}.Debug|Any CPU.Build.0 = Debug|Any CPU
		{F18EAB2E-B9EA-4E72-9DCC-717099138995}.Release|Any CPU.ActiveCfg = Release|Any CPU
		{F18EAB2E-B9EA-4E72-9DCC-717099138995}.Release|Any CPU.Build.0 = Release|Any CPU
		{60826FD4-0289-4C86-B8E6-11DC9CCFFB02}.Debug|Any CPU.ActiveCfg = Debug|Any CPU
		{60826FD4-0289-4C86-B8E6-11DC9CCFFB02}.Debug|Any CPU.Build.0 = Debug|Any CPU
		{60826FD4-0289-4C86-B8E6-11DC9CCFFB02}.Release|Any CPU.ActiveCfg = Release|Any CPU
		{60826FD4-0289-4C86-B8E6-11DC9CCFFB02}.Release|Any CPU.Build.0 = Release|Any CPU
		{DE2034E9-5208-46CF-80D6-B61A9388B371}.Debug|Any CPU.ActiveCfg = Debug|Any CPU
		{DE2034E9-5208-46CF-80D6-B61A9388B371}.Debug|Any CPU.Build.0 = Debug|Any CPU
		{DE2034E9-5208-46CF-80D6-B61A9388B371}.Release|Any CPU.ActiveCfg = Release|Any CPU
		{DE2034E9-5208-46CF-80D6-B61A9388B371}.Release|Any CPU.Build.0 = Release|Any CPU
		{2FADFE17-9319-459D-AFE3-21C287B3B6FA}.Debug|Any CPU.ActiveCfg = Debug|Any CPU
		{2FADFE17-9319-459D-AFE3-21C287B3B6FA}.Debug|Any CPU.Build.0 = Debug|Any CPU
		{2FADFE17-9319-459D-AFE3-21C287B3B6FA}.Release|Any CPU.ActiveCfg = Release|Any CPU
		{2FADFE17-9319-459D-AFE3-21C287B3B6FA}.Release|Any CPU.Build.0 = Release|Any CPU
		{E3BF1832-4564-48D9-8E62-0E7F7F049F89}.Debug|Any CPU.ActiveCfg = Debug|Any CPU
		{E3BF1832-4564-48D9-8E62-0E7F7F049F89}.Debug|Any CPU.Build.0 = Debug|Any CPU
		{E3BF1832-4564-48D9-8E62-0E7F7F049F89}.Release|Any CPU.ActiveCfg = Release|Any CPU
		{E3BF1832-4564-48D9-8E62-0E7F7F049F89}.Release|Any CPU.Build.0 = Release|Any CPU
		{C833862E-D3EB-45E8-85EA-E57693E047C1}.Debug|Any CPU.ActiveCfg = Debug|Any CPU
		{C833862E-D3EB-45E8-85EA-E57693E047C1}.Debug|Any CPU.Build.0 = Debug|Any CPU
		{C833862E-D3EB-45E8-85EA-E57693E047C1}.Release|Any CPU.ActiveCfg = Release|Any CPU
		{C833862E-D3EB-45E8-85EA-E57693E047C1}.Release|Any CPU.Build.0 = Release|Any CPU
		{DA802095-B1BD-4EBD-A349-7C06461EDE04}.Debug|Any CPU.ActiveCfg = Debug|Any CPU
		{DA802095-B1BD-4EBD-A349-7C06461EDE04}.Debug|Any CPU.Build.0 = Debug|Any CPU
		{DA802095-B1BD-4EBD-A349-7C06461EDE04}.Release|Any CPU.ActiveCfg = Debug|Any CPU
		{DA802095-B1BD-4EBD-A349-7C06461EDE04}.Release|Any CPU.Build.0 = Debug|Any CPU
	EndGlobalSection
EndGlobal
